# This file is automatically @generated by Wally.
# It is not intended for manual editing.
registry = "test"

[[package]]
name = "neond00m/bunch"
version = "0.2.0"
dependencies = []

[[package]]
name = "neond00m/eventreader"
version = "0.1.0"
dependencies = []

[[package]]
name = "neond00m/richify"
version = "0.1.0"
dependencies = []

[[package]]
name = "neond00m/throttle"
version = "0.3.0"
dependencies = []

[[package]]
name = "neonf/mypackages"
version = "0.1.0"
dependencies = [["Bunch", "neond00m/bunch@0.2.0"], ["EventReader", "neond00m/eventreader@0.1.0"], ["Richify", "neond00m/richify@0.1.0"], ["Throttle", "neond00m/throttle@0.3.0"]]
